
Microsoft Visual Studio Solution File, Format Version 12.00
# Visual Studio Version 17
VisualStudioVersion = 17.3.32929.385
MinimumVisualStudioVersion = 10.0.40219.1
Project("{FAE04EC0-301F-11D3-BF4B-00C04F79EFBC}") = "GithubActions_Oef1", "GithubActions_Oef1\GithubActions_Oef1.csproj", "{346758B5-DFAB-44C8-B0DF-0F4131AA4048}"
EndProject
Global
	GlobalSection(SolutionConfigurationPlatforms) = preSolution
		Debug|Any CPU = Debug|Any CPU
		Release|Any CPU = Release|Any CPU
	EndGlobalSection
	GlobalSection(ProjectConfigurationPlatforms) = postSolution
		{346758B5-DFAB-44C8-B0DF-0F4131AA4048}.Debug|Any CPU.ActiveCfg = Debug|Any CPU
		{346758B5-DFAB-44C8-B0DF-0F4131AA4048}.Debug|Any CPU.Build.0 = Debug|Any CPU
		{346758B5-DFAB-44C8-B0DF-0F4131AA4048}.Release|Any CPU.ActiveCfg = Release|Any CPU
		{346758B5-DFAB-44C8-B0DF-0F4131AA4048}.Release|Any CPU.Build.0 = Release|Any CPU
	EndGlobalSection
	GlobalSection(SolutionProperties) = preSolution
		HideSolutionNode = FALSE
	EndGlobalSection
	GlobalSection(ExtensibilityGlobals) = postSolution
		SolutionGuid = {E152AA6A-E684-41FB-AEF1-7B890ABF8B69}
	EndGlobalSection
EndGlobal
